
Microsoft Visual Studio Solution File, Format Version 12.00
# Visual Studio Version 17
VisualStudioVersion = 17.11.35312.102
MinimumVisualStudioVersion = 10.0.40219.1
Project("{FAE04EC0-301F-11D3-BF4B-00C04F79EFBC}") = "SupportTicketApp", "SupportTicketApp\SupportTicketApp.csproj", "{254F9C8E-06A3-43EF-891E-43E93E9E9420}"
EndProject
Global
	GlobalSection(SolutionConfigurationPlatforms) = preSolution
		Debug|Any CPU = Debug|Any CPU
		Release|Any CPU = Release|Any CPU
	EndGlobalSection
	GlobalSection(ProjectConfigurationPlatforms) = postSolution
		{254F9C8E-06A3-43EF-891E-43E93E9E9420}.Debug|Any CPU.ActiveCfg = Debug|Any CPU
		{254F9C8E-06A3-43EF-891E-43E93E9E9420}.Debug|Any CPU.Build.0 = Debug|Any CPU
		{254F9C8E-06A3-43EF-891E-43E93E9E9420}.Release|Any CPU.ActiveCfg = Release|Any CPU
		{254F9C8E-06A3-43EF-891E-43E93E9E9420}.Release|Any CPU.Build.0 = Release|Any CPU
	EndGlobalSection
	GlobalSection(SolutionProperties) = preSolution
		HideSolutionNode = FALSE
	EndGlobalSection
	GlobalSection(ExtensibilityGlobals) = postSolution
		SolutionGuid = {D450D6A2-002F-4049-929B-9F2731D53475}
	EndGlobalSection
EndGlobal
